// !$*UTF8*$!
{
	archiveVersion = 1;
	classes = {
	};
	objectVersion = 56;
	objects = {

/* Begin PBXBuildFile section */
		F5AF32722BB2749800875D26 /* SwiftStorageBenchmarkApp.swift in Sources */ = {isa = PBXBuildFile; fileRef = F5AF32712BB2749800875D26 /* SwiftStorageBenchmarkApp.swift */; };
		F5AF32742BB2749800875D26 /* ContentView.swift in Sources */ = {isa = PBXBuildFile; fileRef = F5AF32732BB2749800875D26 /* ContentView.swift */; };
		F5AF32762BB2749900875D26 /* Assets.xcassets in Resources */ = {isa = PBXBuildFile; fileRef = F5AF32752BB2749900875D26 /* Assets.xcassets */; };
		F5AF32792BB2749900875D26 /* Preview Assets.xcassets in Resources */ = {isa = PBXBuildFile; fileRef = F5AF32782BB2749900875D26 /* Preview Assets.xcassets */; };
		F5B06E882BB2753C00E5EEA8 /* ScalarBenchmarkView.swift in Sources */ = {isa = PBXBuildFile; fileRef = F5B06E872BB2753C00E5EEA8 /* ScalarBenchmarkView.swift */; };
		F5B06E8A2BB2754E00E5EEA8 /* ScalarBenchmarkViewModel.swift in Sources */ = {isa = PBXBuildFile; fileRef = F5B06E892BB2754E00E5EEA8 /* ScalarBenchmarkViewModel.swift */; };
		F5B06E8C2BB275C400E5EEA8 /* ScalarType.swift in Sources */ = {isa = PBXBuildFile; fileRef = F5B06E8B2BB275C400E5EEA8 /* ScalarType.swift */; };
		F5B06E932BB27C6B00E5EEA8 /* BenchmarkTask.swift in Sources */ = {isa = PBXBuildFile; fileRef = F5B06E922BB27C6B00E5EEA8 /* BenchmarkTask.swift */; };
		F5B06E952BB27D8100E5EEA8 /* UserDefaultsTask.swift in Sources */ = {isa = PBXBuildFile; fileRef = F5B06E942BB27D8100E5EEA8 /* UserDefaultsTask.swift */; };
		F5B06E972BB2867100E5EEA8 /* PropertyListTask.swift in Sources */ = {isa = PBXBuildFile; fileRef = F5B06E962BB2867100E5EEA8 /* PropertyListTask.swift */; };
		F5B06E992BB2868A00E5EEA8 /* SecureStorageTask.swift in Sources */ = {isa = PBXBuildFile; fileRef = F5B06E982BB2868A00E5EEA8 /* SecureStorageTask.swift */; };
		F5B06E9B2BB286A600E5EEA8 /* CoreDataTask.swift in Sources */ = {isa = PBXBuildFile; fileRef = F5B06E9A2BB286A600E5EEA8 /* CoreDataTask.swift */; };
		F5B06EA12BB28E4F00E5EEA8 /* TimerHelper.swift in Sources */ = {isa = PBXBuildFile; fileRef = F5B06EA02BB28E4F00E5EEA8 /* TimerHelper.swift */; };
/* End PBXBuildFile section */

/* Begin PBXFileReference section */
		F5AF326E2BB2749800875D26 /* SwiftStorageBenchmark.app */ = {isa = PBXFileReference; explicitFileType = wrapper.application; includeInIndex = 0; path = SwiftStorageBenchmark.app; sourceTree = BUILT_PRODUCTS_DIR; };
		F5AF32712BB2749800875D26 /* SwiftStorageBenchmarkApp.swift */ = {isa = PBXFileReference; lastKnownFileType = sourcecode.swift; path = SwiftStorageBenchmarkApp.swift; sourceTree = "<group>"; };
		F5AF32732BB2749800875D26 /* ContentView.swift */ = {isa = PBXFileReference; lastKnownFileType = sourcecode.swift; path = ContentView.swift; sourceTree = "<group>"; };
		F5AF32752BB2749900875D26 /* Assets.xcassets */ = {isa = PBXFileReference; lastKnownFileType = folder.assetcatalog; path = Assets.xcassets; sourceTree = "<group>"; };
		F5AF32782BB2749900875D26 /* Preview Assets.xcassets */ = {isa = PBXFileReference; lastKnownFileType = folder.assetcatalog; path = "Preview Assets.xcassets"; sourceTree = "<group>"; };
		F5B06E872BB2753C00E5EEA8 /* ScalarBenchmarkView.swift */ = {isa = PBXFileReference; lastKnownFileType = sourcecode.swift; path = ScalarBenchmarkView.swift; sourceTree = "<group>"; };
		F5B06E892BB2754E00E5EEA8 /* ScalarBenchmarkViewModel.swift */ = {isa = PBXFileReference; lastKnownFileType = sourcecode.swift; path = ScalarBenchmarkViewModel.swift; sourceTree = "<group>"; };
		F5B06E8B2BB275C400E5EEA8 /* ScalarType.swift */ = {isa = PBXFileReference; lastKnownFileType = sourcecode.swift; path = ScalarType.swift; sourceTree = "<group>"; };
		F5B06E922BB27C6B00E5EEA8 /* BenchmarkTask.swift */ = {isa = PBXFileReference; lastKnownFileType = sourcecode.swift; path = BenchmarkTask.swift; sourceTree = "<group>"; };
		F5B06E942BB27D8100E5EEA8 /* UserDefaultsTask.swift */ = {isa = PBXFileReference; lastKnownFileType = sourcecode.swift; path = UserDefaultsTask.swift; sourceTree = "<group>"; };
		F5B06E962BB2867100E5EEA8 /* PropertyListTask.swift */ = {isa = PBXFileReference; lastKnownFileType = sourcecode.swift; path = PropertyListTask.swift; sourceTree = "<group>"; };
		F5B06E982BB2868A00E5EEA8 /* SecureStorageTask.swift */ = {isa = PBXFileReference; lastKnownFileType = sourcecode.swift; path = SecureStorageTask.swift; sourceTree = "<group>"; };
		F5B06E9A2BB286A600E5EEA8 /* CoreDataTask.swift */ = {isa = PBXFileReference; lastKnownFileType = sourcecode.swift; path = CoreDataTask.swift; sourceTree = "<group>"; };
		F5B06EA02BB28E4F00E5EEA8 /* TimerHelper.swift */ = {isa = PBXFileReference; lastKnownFileType = sourcecode.swift; path = TimerHelper.swift; sourceTree = "<group>"; };
/* End PBXFileReference section */

/* Begin PBXFrameworksBuildPhase section */
		F5AF326B2BB2749800875D26 /* Frameworks */ = {
			isa = PBXFrameworksBuildPhase;
			buildActionMask = 2147483647;
			files = (
			);
			runOnlyForDeploymentPostprocessing = 0;
		};
/* End PBXFrameworksBuildPhase section */

/* Begin PBXGroup section */
		F5AF32652BB2749800875D26 = {
			isa = PBXGroup;
			children = (
				F5AF32702BB2749800875D26 /* SwiftStorageBenchmark */,
				F5AF326F2BB2749800875D26 /* Products */,
			);
			sourceTree = "<group>";
		};
		F5AF326F2BB2749800875D26 /* Products */ = {
			isa = PBXGroup;
			children = (
				F5AF326E2BB2749800875D26 /* SwiftStorageBenchmark.app */,
			);
			name = Products;
			sourceTree = "<group>";
		};
		F5AF32702BB2749800875D26 /* SwiftStorageBenchmark */ = {
			isa = PBXGroup;
			children = (
				F5AF32712BB2749800875D26 /* SwiftStorageBenchmarkApp.swift */,
				F5AF32732BB2749800875D26 /* ContentView.swift */,
				F5B06E852BB2752300E5EEA8 /* Benchmark */,
				F5B06EA22BB28EB700E5EEA8 /* Storage */,
				F5AF32752BB2749900875D26 /* Assets.xcassets */,
				F5AF32772BB2749900875D26 /* Preview Content */,
			);
			path = SwiftStorageBenchmark;
			sourceTree = "<group>";
		};
		F5AF32772BB2749900875D26 /* Preview Content */ = {
			isa = PBXGroup;
			children = (
				F5AF32782BB2749900875D26 /* Preview Assets.xcassets */,
			);
			path = "Preview Content";
			sourceTree = "<group>";
		};
		F5B06E852BB2752300E5EEA8 /* Benchmark */ = {
			isa = PBXGroup;
			children = (
				F5B06E9F2BB28E4700E5EEA8 /* Helpers */,
				F5B06E8D2BB27A0C00E5EEA8 /* Tasks */,
				F5B06E862BB2752C00E5EEA8 /* Scalar */,
			);
			path = Benchmark;
			sourceTree = "<group>";
		};
		F5B06E862BB2752C00E5EEA8 /* Scalar */ = {
			isa = PBXGroup;
			children = (
				F5B06E872BB2753C00E5EEA8 /* ScalarBenchmarkView.swift */,
				F5B06E892BB2754E00E5EEA8 /* ScalarBenchmarkViewModel.swift */,
				F5B06E8B2BB275C400E5EEA8 /* ScalarType.swift */,
			);
			path = Scalar;
			sourceTree = "<group>";
		};
		F5B06E8D2BB27A0C00E5EEA8 /* Tasks */ = {
			isa = PBXGroup;
			children = (
				F5B06E922BB27C6B00E5EEA8 /* BenchmarkTask.swift */,
				F5B06E942BB27D8100E5EEA8 /* UserDefaultsTask.swift */,
				F5B06E962BB2867100E5EEA8 /* PropertyListTask.swift */,
				F5B06E982BB2868A00E5EEA8 /* SecureStorageTask.swift */,
				F5B06E9A2BB286A600E5EEA8 /* CoreDataTask.swift */,
			);
			path = Tasks;
			sourceTree = "<group>";
		};
		F5B06E9F2BB28E4700E5EEA8 /* Helpers */ = {
			isa = PBXGroup;
			children = (
				F5B06EA02BB28E4F00E5EEA8 /* TimerHelper.swift */,
			);
			path = Helpers;
			sourceTree = "<group>";
		};
		F5B06EA22BB28EB700E5EEA8 /* Storage */ = {
			isa = PBXGroup;
			children = (
			);
			path = Storage;
			sourceTree = "<group>";
		};
/* End PBXGroup section */

/* Begin PBXNativeTarget section */
		F5AF326D2BB2749800875D26 /* SwiftStorageBenchmark */ = {
			isa = PBXNativeTarget;
			buildConfigurationList = F5AF327C2BB2749900875D26 /* Build configuration list for PBXNativeTarget "SwiftStorageBenchmark" */;
			buildPhases = (
				F5AF326A2BB2749800875D26 /* Sources */,
				F5AF326B2BB2749800875D26 /* Frameworks */,
				F5AF326C2BB2749800875D26 /* Resources */,
			);
			buildRules = (
			);
			dependencies = (
			);
			name = SwiftStorageBenchmark;
			productName = SwiftStorageBenchmark;
			productReference = F5AF326E2BB2749800875D26 /* SwiftStorageBenchmark.app */;
			productType = "com.apple.product-type.application";
		};
/* End PBXNativeTarget section */

/* Begin PBXProject section */
		F5AF32662BB2749800875D26 /* Project object */ = {
			isa = PBXProject;
			attributes = {
				BuildIndependentTargetsInParallel = 1;
				LastSwiftUpdateCheck = 1530;
				LastUpgradeCheck = 1530;
				TargetAttributes = {
					F5AF326D2BB2749800875D26 = {
						CreatedOnToolsVersion = 15.3;
					};
				};
			};
			buildConfigurationList = F5AF32692BB2749800875D26 /* Build configuration list for PBXProject "SwiftStorageBenchmark" */;
			compatibilityVersion = "Xcode 14.0";
			developmentRegion = en;
			hasScannedForEncodings = 0;
			knownRegions = (
				en,
				Base,
			);
			mainGroup = F5AF32652BB2749800875D26;
			productRefGroup = F5AF326F2BB2749800875D26 /* Products */;
			projectDirPath = "";
			projectRoot = "";
			targets = (
				F5AF326D2BB2749800875D26 /* SwiftStorageBenchmark */,
			);
		};
/* End PBXProject section */

/* Begin PBXResourcesBuildPhase section */
		F5AF326C2BB2749800875D26 /* Resources */ = {
			isa = PBXResourcesBuildPhase;
			buildActionMask = 2147483647;
			files = (
				F5AF32792BB2749900875D26 /* Preview Assets.xcassets in Resources */,
				F5AF32762BB2749900875D26 /* Assets.xcassets in Resources */,
			);
			runOnlyForDeploymentPostprocessing = 0;
		};
/* End PBXResourcesBuildPhase section */

/* Begin PBXSourcesBuildPhase section */
		F5AF326A2BB2749800875D26 /* Sources */ = {
			isa = PBXSourcesBuildPhase;
			buildActionMask = 2147483647;
			files = (
				F5AF32742BB2749800875D26 /* ContentView.swift in Sources */,
				F5AF32722BB2749800875D26 /* SwiftStorageBenchmarkApp.swift in Sources */,
				F5B06E932BB27C6B00E5EEA8 /* BenchmarkTask.swift in Sources */,
				F5B06E952BB27D8100E5EEA8 /* UserDefaultsTask.swift in Sources */,
				F5B06E8A2BB2754E00E5EEA8 /* ScalarBenchmarkViewModel.swift in Sources */,
				F5B06E972BB2867100E5EEA8 /* PropertyListTask.swift in Sources */,
				F5B06E882BB2753C00E5EEA8 /* ScalarBenchmarkView.swift in Sources */,
				F5B06E8C2BB275C400E5EEA8 /* ScalarType.swift in Sources */,
				F5B06E992BB2868A00E5EEA8 /* SecureStorageTask.swift in Sources */,
				F5B06E9B2BB286A600E5EEA8 /* CoreDataTask.swift in Sources */,
				F5B06EA12BB28E4F00E5EEA8 /* TimerHelper.swift in Sources */,
			);
			runOnlyForDeploymentPostprocessing = 0;
		};
/* End PBXSourcesBuildPhase section */

/* Begin XCBuildConfiguration section */
		F5AF327A2BB2749900875D26 /* Debug */ = {
			isa = XCBuildConfiguration;
			buildSettings = {
				ALWAYS_SEARCH_USER_PATHS = NO;
				ASSETCATALOG_COMPILER_GENERATE_SWIFT_ASSET_SYMBOL_EXTENSIONS = YES;
				CLANG_ANALYZER_NONNULL = YES;
				CLANG_ANALYZER_NUMBER_OBJECT_CONVERSION = YES_AGGRESSIVE;
				CLANG_CXX_LANGUAGE_STANDARD = "gnu++20";
				CLANG_ENABLE_MODULES = YES;
				CLANG_ENABLE_OBJC_ARC = YES;
				CLANG_ENABLE_OBJC_WEAK = YES;
				CLANG_WARN_BLOCK_CAPTURE_AUTORELEASING = YES;
				CLANG_WARN_BOOL_CONVERSION = YES;
				CLANG_WARN_COMMA = YES;
				CLANG_WARN_CONSTANT_CONVERSION = YES;
				CLANG_WARN_DEPRECATED_OBJC_IMPLEMENTATIONS = YES;
				CLANG_WARN_DIRECT_OBJC_ISA_USAGE = YES_ERROR;
				CLANG_WARN_DOCUMENTATION_COMMENTS = YES;
				CLANG_WARN_EMPTY_BODY = YES;
				CLANG_WARN_ENUM_CONVERSION = YES;
				CLANG_WARN_INFINITE_RECURSION = YES;
				CLANG_WARN_INT_CONVERSION = YES;
				CLANG_WARN_NON_LITERAL_NULL_CONVERSION = YES;
				CLANG_WARN_OBJC_IMPLICIT_RETAIN_SELF = YES;
				CLANG_WARN_OBJC_LITERAL_CONVERSION = YES;
				CLANG_WARN_OBJC_ROOT_CLASS = YES_ERROR;
				CLANG_WARN_QUOTED_INCLUDE_IN_FRAMEWORK_HEADER = YES;
				CLANG_WARN_RANGE_LOOP_ANALYSIS = YES;
				CLANG_WARN_STRICT_PROTOTYPES = YES;
				CLANG_WARN_SUSPICIOUS_MOVE = YES;
				CLANG_WARN_UNGUARDED_AVAILABILITY = YES_AGGRESSIVE;
				CLANG_WARN_UNREACHABLE_CODE = YES;
				CLANG_WARN__DUPLICATE_METHOD_MATCH = YES;
				COPY_PHASE_STRIP = NO;
				DEBUG_INFORMATION_FORMAT = dwarf;
				ENABLE_STRICT_OBJC_MSGSEND = YES;
				ENABLE_TESTABILITY = YES;
				ENABLE_USER_SCRIPT_SANDBOXING = YES;
				GCC_C_LANGUAGE_STANDARD = gnu17;
				GCC_DYNAMIC_NO_PIC = NO;
				GCC_NO_COMMON_BLOCKS = YES;
				GCC_OPTIMIZATION_LEVEL = 0;
				GCC_PREPROCESSOR_DEFINITIONS = (
					"DEBUG=1",
					"$(inherited)",
				);
				GCC_WARN_64_TO_32_BIT_CONVERSION = YES;
				GCC_WARN_ABOUT_RETURN_TYPE = YES_ERROR;
				GCC_WARN_UNDECLARED_SELECTOR = YES;
				GCC_WARN_UNINITIALIZED_AUTOS = YES_AGGRESSIVE;
				GCC_WARN_UNUSED_FUNCTION = YES;
				GCC_WARN_UNUSED_VARIABLE = YES;
				IPHONEOS_DEPLOYMENT_TARGET = 17.4;
				LOCALIZATION_PREFERS_STRING_CATALOGS = YES;
				MTL_ENABLE_DEBUG_INFO = INCLUDE_SOURCE;
				MTL_FAST_MATH = YES;
				ONLY_ACTIVE_ARCH = YES;
				SDKROOT = iphoneos;
				SWIFT_ACTIVE_COMPILATION_CONDITIONS = "DEBUG $(inherited)";
				SWIFT_OPTIMIZATION_LEVEL = "-Onone";
			};
			name = Debug;
		};
		F5AF327B2BB2749900875D26 /* Release */ = {
			isa = XCBuildConfiguration;
			buildSettings = {
				ALWAYS_SEARCH_USER_PATHS = NO;
				ASSETCATALOG_COMPILER_GENERATE_SWIFT_ASSET_SYMBOL_EXTENSIONS = YES;
				CLANG_ANALYZER_NONNULL = YES;
				CLANG_ANALYZER_NUMBER_OBJECT_CONVERSION = YES_AGGRESSIVE;
				CLANG_CXX_LANGUAGE_STANDARD = "gnu++20";
				CLANG_ENABLE_MODULES = YES;
				CLANG_ENABLE_OBJC_ARC = YES;
				CLANG_ENABLE_OBJC_WEAK = YES;
				CLANG_WARN_BLOCK_CAPTURE_AUTORELEASING = YES;
				CLANG_WARN_BOOL_CONVERSION = YES;
				CLANG_WARN_COMMA = YES;
				CLANG_WARN_CONSTANT_CONVERSION = YES;
				CLANG_WARN_DEPRECATED_OBJC_IMPLEMENTATIONS = YES;
				CLANG_WARN_DIRECT_OBJC_ISA_USAGE = YES_ERROR;
				CLANG_WARN_DOCUMENTATION_COMMENTS = YES;
				CLANG_WARN_EMPTY_BODY = YES;
				CLANG_WARN_ENUM_CONVERSION = YES;
				CLANG_WARN_INFINITE_RECURSION = YES;
				CLANG_WARN_INT_CONVERSION = YES;
				CLANG_WARN_NON_LITERAL_NULL_CONVERSION = YES;
				CLANG_WARN_OBJC_IMPLICIT_RETAIN_SELF = YES;
				CLANG_WARN_OBJC_LITERAL_CONVERSION = YES;
				CLANG_WARN_OBJC_ROOT_CLASS = YES_ERROR;
				CLANG_WARN_QUOTED_INCLUDE_IN_FRAMEWORK_HEADER = YES;
				CLANG_WARN_RANGE_LOOP_ANALYSIS = YES;
				CLANG_WARN_STRICT_PROTOTYPES = YES;
				CLANG_WARN_SUSPICIOUS_MOVE = YES;
				CLANG_WARN_UNGUARDED_AVAILABILITY = YES_AGGRESSIVE;
				CLANG_WARN_UNREACHABLE_CODE = YES;
				CLANG_WARN__DUPLICATE_METHOD_MATCH = YES;
				COPY_PHASE_STRIP = NO;
				DEBUG_INFORMATION_FORMAT = "dwarf-with-dsym";
				ENABLE_NS_ASSERTIONS = NO;
				ENABLE_STRICT_OBJC_MSGSEND = YES;
				ENABLE_USER_SCRIPT_SANDBOXING = YES;
				GCC_C_LANGUAGE_STANDARD = gnu17;
				GCC_NO_COMMON_BLOCKS = YES;
				GCC_WARN_64_TO_32_BIT_CONVERSION = YES;
				GCC_WARN_ABOUT_RETURN_TYPE = YES_ERROR;
				GCC_WARN_UNDECLARED_SELECTOR = YES;
				GCC_WARN_UNINITIALIZED_AUTOS = YES_AGGRESSIVE;
				GCC_WARN_UNUSED_FUNCTION = YES;
				GCC_WARN_UNUSED_VARIABLE = YES;
				IPHONEOS_DEPLOYMENT_TARGET = 17.4;
				LOCALIZATION_PREFERS_STRING_CATALOGS = YES;
				MTL_ENABLE_DEBUG_INFO = NO;
				MTL_FAST_MATH = YES;
				SDKROOT = iphoneos;
				SWIFT_COMPILATION_MODE = wholemodule;
				VALIDATE_PRODUCT = YES;
			};
			name = Release;
		};
		F5AF327D2BB2749900875D26 /* Debug */ = {
			isa = XCBuildConfiguration;
			buildSettings = {
				ASSETCATALOG_COMPILER_APPICON_NAME = AppIcon;
				ASSETCATALOG_COMPILER_GLOBAL_ACCENT_COLOR_NAME = AccentColor;
				CODE_SIGN_STYLE = Automatic;
				CURRENT_PROJECT_VERSION = 1;
				DEVELOPMENT_ASSET_PATHS = "\"SwiftStorageBenchmark/Preview Content\"";
				DEVELOPMENT_TEAM = CL6KSN5R2Z;
				ENABLE_PREVIEWS = YES;
				GENERATE_INFOPLIST_FILE = YES;
				INFOPLIST_KEY_UIApplicationSceneManifest_Generation = YES;
				INFOPLIST_KEY_UIApplicationSupportsIndirectInputEvents = YES;
				INFOPLIST_KEY_UILaunchScreen_Generation = YES;
				INFOPLIST_KEY_UISupportedInterfaceOrientations_iPad = "UIInterfaceOrientationPortrait UIInterfaceOrientationPortraitUpsideDown UIInterfaceOrientationLandscapeLeft UIInterfaceOrientationLandscapeRight";
				INFOPLIST_KEY_UISupportedInterfaceOrientations_iPhone = "UIInterfaceOrientationPortrait UIInterfaceOrientationLandscapeLeft UIInterfaceOrientationLandscapeRight";
				LD_RUNPATH_SEARCH_PATHS = (
					"$(inherited)",
					"@executable_path/Frameworks",
				);
				MARKETING_VERSION = 1.0;
				PRODUCT_BUNDLE_IDENTIFIER = org.fraune.SwiftStorageBenchmark;
				PRODUCT_NAME = "$(TARGET_NAME)";
				SWIFT_EMIT_LOC_STRINGS = YES;
				SWIFT_VERSION = 5.0;
				TARGETED_DEVICE_FAMILY = "1,2";
			};
			name = Debug;
		};
		F5AF327E2BB2749900875D26 /* Release */ = {
			isa = XCBuildConfiguration;
			buildSettings = {
				ASSETCATALOG_COMPILER_APPICON_NAME = AppIcon;
				ASSETCATALOG_COMPILER_GLOBAL_ACCENT_COLOR_NAME = AccentColor;
				CODE_SIGN_STYLE = Automatic;
				CURRENT_PROJECT_VERSION = 1;
				DEVELOPMENT_ASSET_PATHS = "\"SwiftStorageBenchmark/Preview Content\"";
				DEVELOPMENT_TEAM = CL6KSN5R2Z;
				ENABLE_PREVIEWS = YES;
				GENERATE_INFOPLIST_FILE = YES;
				INFOPLIST_KEY_UIApplicationSceneManifest_Generation = YES;
				INFOPLIST_KEY_UIApplicationSupportsIndirectInputEvents = YES;
				INFOPLIST_KEY_UILaunchScreen_Generation = YES;
				INFOPLIST_KEY_UISupportedInterfaceOrientations_iPad = "UIInterfaceOrientationPortrait UIInterfaceOrientationPortraitUpsideDown UIInterfaceOrientationLandscapeLeft UIInterfaceOrientationLandscapeRight";
				INFOPLIST_KEY_UISupportedInterfaceOrientations_iPhone = "UIInterfaceOrientationPortrait UIInterfaceOrientationLandscapeLeft UIInterfaceOrientationLandscapeRight";
				LD_RUNPATH_SEARCH_PATHS = (
					"$(inherited)",
					"@executable_path/Frameworks",
				);
				MARKETING_VERSION = 1.0;
				PRODUCT_BUNDLE_IDENTIFIER = org.fraune.SwiftStorageBenchmark;
				PRODUCT_NAME = "$(TARGET_NAME)";
				SWIFT_EMIT_LOC_STRINGS = YES;
				SWIFT_VERSION = 5.0;
				TARGETED_DEVICE_FAMILY = "1,2";
			};
			name = Release;
		};
/* End XCBuildConfiguration section */

/* Begin XCConfigurationList section */
		F5AF32692BB2749800875D26 /* Build configuration list for PBXProject "SwiftStorageBenchmark" */ = {
			isa = XCConfigurationList;
			buildConfigurations = (
				F5AF327A2BB2749900875D26 /* Debug */,
				F5AF327B2BB2749900875D26 /* Release */,
			);
			defaultConfigurationIsVisible = 0;
			defaultConfigurationName = Release;
		};
		F5AF327C2BB2749900875D26 /* Build configuration list for PBXNativeTarget "SwiftStorageBenchmark" */ = {
			isa = XCConfigurationList;
			buildConfigurations = (
				F5AF327D2BB2749900875D26 /* Debug */,
				F5AF327E2BB2749900875D26 /* Release */,
			);
			defaultConfigurationIsVisible = 0;
			defaultConfigurationName = Release;
		};
/* End XCConfigurationList section */
	};
	rootObject = F5AF32662BB2749800875D26 /* Project object */;
}
